
Microsoft Visual Studio Solution File, Format Version 12.00
# Visual Studio Version 17
VisualStudioVersion = 17.3.32929.385
MinimumVisualStudioVersion = 10.0.40219.1
Project("{9A19103F-16F7-4668-BE54-9A1E7A4F7556}") = "SchoolListingAdmin", "SchoolListingAdmin\SchoolListingAdmin.csproj", "{39972C48-55F2-4340-AA91-8EF7570F6481}"
EndProject
Project("{9A19103F-16F7-4668-BE54-9A1E7A4F7556}") = "SchoolListingAdmin.DomainModels", "SchoolListingAdmin.DomainModels\SchoolListingAdmin.DomainModels.csproj", "{350746AF-1CE9-46B4-932E-1A488DADE9FF}"
EndProject
Project("{9A19103F-16F7-4668-BE54-9A1E7A4F7556}") = "SchoolListingAdmin.DataObjects", "SchoolListingAdmin.DataObjects\SchoolListingAdmin.DataObjects.csproj", "{70B21EF7-5857-471A-9FE0-E4785AD6D0A1}"
EndProject
Project("{9A19103F-16F7-4668-BE54-9A1E7A4F7556}") = "SchoolListingAdmin.BusinessObjects", "SchoolListingAdmin.BusinessObjects\SchoolListingAdmin.BusinessObjects.csproj", "{73EE4003-5DCF-4C02-AC2F-ED21F4F54484}"
EndProject
Global
	GlobalSection(SolutionConfigurationPlatforms) = preSolution
		Debug|Any CPU = Debug|Any CPU
		Release|Any CPU = Release|Any CPU
	EndGlobalSection
	GlobalSection(ProjectConfigurationPlatforms) = postSolution
		{39972C48-55F2-4340-AA91-8EF7570F6481}.Debug|Any CPU.ActiveCfg = Debug|Any CPU
		{39972C48-55F2-4340-AA91-8EF7570F6481}.Debug|Any CPU.Build.0 = Debug|Any CPU
		{39972C48-55F2-4340-AA91-8EF7570F6481}.Release|Any CPU.ActiveCfg = Release|Any CPU
		{39972C48-55F2-4340-AA91-8EF7570F6481}.Release|Any CPU.Build.0 = Release|Any CPU
		{350746AF-1CE9-46B4-932E-1A488DADE9FF}.Debug|Any CPU.ActiveCfg = Debug|Any CPU
		{350746AF-1CE9-46B4-932E-1A488DADE9FF}.Debug|Any CPU.Build.0 = Debug|Any CPU
		{350746AF-1CE9-46B4-932E-1A488DADE9FF}.Release|Any CPU.ActiveCfg = Release|Any CPU
		{350746AF-1CE9-46B4-932E-1A488DADE9FF}.Release|Any CPU.Build.0 = Release|Any CPU
		{70B21EF7-5857-471A-9FE0-E4785AD6D0A1}.Debug|Any CPU.ActiveCfg = Debug|Any CPU
		{70B21EF7-5857-471A-9FE0-E4785AD6D0A1}.Debug|Any CPU.Build.0 = Debug|Any CPU
		{70B21EF7-5857-471A-9FE0-E4785AD6D0A1}.Release|Any CPU.ActiveCfg = Release|Any CPU
		{70B21EF7-5857-471A-9FE0-E4785AD6D0A1}.Release|Any CPU.Build.0 = Release|Any CPU
		{73EE4003-5DCF-4C02-AC2F-ED21F4F54484}.Debug|Any CPU.ActiveCfg = Debug|Any CPU
		{73EE4003-5DCF-4C02-AC2F-ED21F4F54484}.Debug|Any CPU.Build.0 = Debug|Any CPU
		{73EE4003-5DCF-4C02-AC2F-ED21F4F54484}.Release|Any CPU.ActiveCfg = Release|Any CPU
		{73EE4003-5DCF-4C02-AC2F-ED21F4F54484}.Release|Any CPU.Build.0 = Release|Any CPU
	EndGlobalSection
	GlobalSection(SolutionProperties) = preSolution
		HideSolutionNode = FALSE
	EndGlobalSection
	GlobalSection(ExtensibilityGlobals) = postSolution
		SolutionGuid = {6536C791-508F-4590-985A-66F9E72422D5}
	EndGlobalSection
EndGlobal
